
Microsoft Visual Studio Solution File, Format Version 12.00
# Visual Studio Version 16
VisualStudioVersion = 16.0.31624.102
MinimumVisualStudioVersion = 10.0.40219.1
Project("{8BC9CEB8-8B4A-11D0-8D11-00A0C91BC942}") = "week6_2", "week6_2\week6_2.vcxproj", "{B880A7EF-F6A1-4B06-AAF6-03AAD829A4AC}"
EndProject
Global
	GlobalSection(SolutionConfigurationPlatforms) = preSolution
		Debug|x64 = Debug|x64
		Debug|x86 = Debug|x86
		Release|x64 = Release|x64
		Release|x86 = Release|x86
	EndGlobalSection
	GlobalSection(ProjectConfigurationPlatforms) = postSolution
		{B880A7EF-F6A1-4B06-AAF6-03AAD829A4AC}.Debug|x64.ActiveCfg = Debug|x64
		{B880A7EF-F6A1-4B06-AAF6-03AAD829A4AC}.Debug|x64.Build.0 = Debug|x64
		{B880A7EF-F6A1-4B06-AAF6-03AAD829A4AC}.Debug|x86.ActiveCfg = Debug|Win32
		{B880A7EF-F6A1-4B06-AAF6-03AAD829A4AC}.Debug|x86.Build.0 = Debug|Win32
		{B880A7EF-F6A1-4B06-AAF6-03AAD829A4AC}.Release|x64.ActiveCfg = Release|x64
		{B880A7EF-F6A1-4B06-AAF6-03AAD829A4AC}.Release|x64.Build.0 = Release|x64
		{B880A7EF-F6A1-4B06-AAF6-03AAD829A4AC}.Release|x86.ActiveCfg = Release|Win32
		{B880A7EF-F6A1-4B06-AAF6-03AAD829A4AC}.Release|x86.Build.0 = Release|Win32
	EndGlobalSection
	GlobalSection(SolutionProperties) = preSolution
		HideSolutionNode = FALSE
	EndGlobalSection
	GlobalSection(ExtensibilityGlobals) = postSolution
		SolutionGuid = {BEB3C04B-C2B8-4B45-A9FE-84E306A1A0EE}
	EndGlobalSection
EndGlobal
